{
   "name": "kakus",
   "lockfileVersion": 3,
   "requires": true,
   "packages": {
      "": {
         "dependencies": {
            "datatables.net": "^2.0.0",
            "datatables.net-buttons": "^3.0.0",
            "datatables.net-buttons-bs5": "^3.0.0",
            "datatables.net-colreorder": "^2.0.0",
            "datatables.net-colreorder-bs5": "^2.0.0",
            "datatables.net-fixedcolumns": "^5.0.0",
            "datatables.net-fixedcolumns-bs5": "^5.0.0",
            "datatables.net-fixedheader": "^4.0.0",
            "datatables.net-fixedheader-bs5": "^4.0.0",
            "datatables.net-responsive": "^3.0.0",
            "datatables.net-responsive-bs5": "^3.0.0",
            "datatables.net-rowgroup": "^1.5.0",
            "datatables.net-rowgroup-bs5": "^1.5.0",
            "datatables.net-rowreorder-bs5": "^1.5.0",
            "datatables.net-scroller-bs5": "^2.4.0",
            "datatables.net-select-bs5": "^2.0.0",
            "react": "^18.2.0",
            "react-dom": "^18.2.0"
         },
         "devDependencies": {
            "esbuild": "0.20.1"
         }
      },
      "node_modules/@esbuild/aix-ppc64": {
         "version": "0.20.1",
         "resolved": "https://registry.npmjs.org/@esbuild/aix-ppc64/-/aix-ppc64-0.20.1.tgz",
         "integrity": "sha512-m55cpeupQ2DbuRGQMMZDzbv9J9PgVelPjlcmM5kxHnrBdBx6REaEd7LamYV7Dm8N7rCyR/XwU6rVP8ploKtIkA==",
         "cpu": [
            "ppc64"
         ],
         "dev": true,
         "optional": true,
         "os": [
            "aix"
         ],
         "engines": {
            "node": ">=12"
         }
      },
      "node_modules/@esbuild/android-arm": {
         "version": "0.20.1",
         "resolved": "https://registry.npmjs.org/@esbuild/android-arm/-/android-arm-0.20.1.tgz",
         "integrity": "sha512-4j0+G27/2ZXGWR5okcJi7pQYhmkVgb4D7UKwxcqrjhvp5TKWx3cUjgB1CGj1mfdmJBQ9VnUGgUhign+FPF2Zgw==",
         "cpu": [
            "arm"
         ],
         "dev": true,
         "optional": true,
         "os": [
            "android"
         ],
         "engines": {
            "node": ">=12"
         }
      },
      "node_modules/@esbuild/android-arm64": {
         "version": "0.20.1",
         "resolved": "https://registry.npmjs.org/@esbuild/android-arm64/-/android-arm64-0.20.1.tgz",
         "integrity": "sha512-hCnXNF0HM6AjowP+Zou0ZJMWWa1VkD77BXe959zERgGJBBxB+sV+J9f/rcjeg2c5bsukD/n17RKWXGFCO5dD5A==",
         "cpu": [
            "arm64"
         ],
         "dev": true,
         "optional": true,
         "os": [
            "android"
         ],
         "engines": {
            "node": ">=12"
         }
      },
      "node_modules/@esbuild/android-x64": {
         "version": "0.20.1",
         "resolved": "https://registry.npmjs.org/@esbuild/android-x64/-/android-x64-0.20.1.tgz",
         "integrity": "sha512-MSfZMBoAsnhpS+2yMFYIQUPs8Z19ajwfuaSZx+tSl09xrHZCjbeXXMsUF/0oq7ojxYEpsSo4c0SfjxOYXRbpaA==",
         "cpu": [
            "x64"
         ],
         "dev": true,
         "optional": true,
         "os": [
            "android"
         ],
         "engines": {
            "node": ">=12"
         }
      },
      "node_modules/@esbuild/darwin-arm64": {
         "version": "0.20.1",
         "resolved": "https://registry.npmjs.org/@esbuild/darwin-arm64/-/darwin-arm64-0.20.1.tgz",
         "integrity": "sha512-Ylk6rzgMD8klUklGPzS414UQLa5NPXZD5tf8JmQU8GQrj6BrFA/Ic9tb2zRe1kOZyCbGl+e8VMbDRazCEBqPvA==",
         "cpu": [
            "arm64"
         ],
         "dev": true,
         "optional": true,
         "os": [
            "darwin"
         ],
         "engines": {
            "node": ">=12"
         }
      },
      "node_modules/@esbuild/darwin-x64": {
         "version": "0.20.1",
         "resolved": "https://registry.npmjs.org/@esbuild/darwin-x64/-/darwin-x64-0.20.1.tgz",
         "integrity": "sha512-pFIfj7U2w5sMp52wTY1XVOdoxw+GDwy9FsK3OFz4BpMAjvZVs0dT1VXs8aQm22nhwoIWUmIRaE+4xow8xfIDZA==",
         "cpu": [
            "x64"
         ],
         "dev": true,
         "optional": true,
         "os": [
            "darwin"
         ],
         "engines": {
            "node": ">=12"
         }
      },
      "node_modules/@esbuild/freebsd-arm64": {
         "version": "0.20.1",
         "resolved": "https://registry.npmjs.org/@esbuild/freebsd-arm64/-/freebsd-arm64-0.20.1.tgz",
         "integrity": "sha512-UyW1WZvHDuM4xDz0jWun4qtQFauNdXjXOtIy7SYdf7pbxSWWVlqhnR/T2TpX6LX5NI62spt0a3ldIIEkPM6RHw==",
         "cpu": [
            "arm64"
         ],
         "dev": true,
         "optional": true,
         "os": [
            "freebsd"
         ],
         "engines": {
            "node": ">=12"
         }
      },
      "node_modules/@esbuild/freebsd-x64": {
         "version": "0.20.1",
         "resolved": "https://registry.npmjs.org/@esbuild/freebsd-x64/-/freebsd-x64-0.20.1.tgz",
         "integrity": "sha512-itPwCw5C+Jh/c624vcDd9kRCCZVpzpQn8dtwoYIt2TJF3S9xJLiRohnnNrKwREvcZYx0n8sCSbvGH349XkcQeg==",
         "cpu": [
            "x64"
         ],
         "dev": true,
         "optional": true,
         "os": [
            "freebsd"
         ],
         "engines": {
            "node": ">=12"
         }
      },
      "node_modules/@esbuild/linux-arm": {
         "version": "0.20.1",
         "resolved": "https://registry.npmjs.org/@esbuild/linux-arm/-/linux-arm-0.20.1.tgz",
         "integrity": "sha512-LojC28v3+IhIbfQ+Vu4Ut5n3wKcgTu6POKIHN9Wpt0HnfgUGlBuyDDQR4jWZUZFyYLiz4RBBBmfU6sNfn6RhLw==",
         "cpu": [
            "arm"
         ],
         "dev": true,
         "optional": true,
         "os": [
            "linux"
         ],
         "engines": {
            "node": ">=12"
         }
      },
      "node_modules/@esbuild/linux-arm64": {
         "version": "0.20.1",
         "resolved": "https://registry.npmjs.org/@esbuild/linux-arm64/-/linux-arm64-0.20.1.tgz",
         "integrity": "sha512-cX8WdlF6Cnvw/DO9/X7XLH2J6CkBnz7Twjpk56cshk9sjYVcuh4sXQBy5bmTwzBjNVZze2yaV1vtcJS04LbN8w==",
         "cpu": [
            "arm64"
         ],
         "dev": true,
         "optional": true,
         "os": [
            "linux"
         ],
         "engines": {
            "node": ">=12"
         }
      },
      "node_modules/@esbuild/linux-ia32": {
         "version": "0.20.1",
         "resolved": "https://registry.npmjs.org/@esbuild/linux-ia32/-/linux-ia32-0.20.1.tgz",
         "integrity": "sha512-4H/sQCy1mnnGkUt/xszaLlYJVTz3W9ep52xEefGtd6yXDQbz/5fZE5dFLUgsPdbUOQANcVUa5iO6g3nyy5BJiw==",
         "cpu": [
            "ia32"
         ],
         "dev": true,
         "optional": true,
         "os": [
            "linux"
         ],
         "engines": {
            "node": ">=12"
         }
      },
      "node_modules/@esbuild/linux-loong64": {
         "version": "0.20.1",
         "resolved": "https://registry.npmjs.org/@esbuild/linux-loong64/-/linux-loong64-0.20.1.tgz",
         "integrity": "sha512-c0jgtB+sRHCciVXlyjDcWb2FUuzlGVRwGXgI+3WqKOIuoo8AmZAddzeOHeYLtD+dmtHw3B4Xo9wAUdjlfW5yYA==",
         "cpu": [
            "loong64"
         ],
         "dev": true,
         "optional": true,
         "os": [
            "linux"
         ],
         "engines": {
            "node": ">=12"
         }
      },
      "node_modules/@esbuild/linux-mips64el": {
         "version": "0.20.1",
         "resolved": "https://registry.npmjs.org/@esbuild/linux-mips64el/-/linux-mips64el-0.20.1.tgz",
         "integrity": "sha512-TgFyCfIxSujyuqdZKDZ3yTwWiGv+KnlOeXXitCQ+trDODJ+ZtGOzLkSWngynP0HZnTsDyBbPy7GWVXWaEl6lhA==",
         "cpu": [
            "mips64el"
         ],
         "dev": true,
         "optional": true,
         "os": [
            "linux"
         ],
         "engines": {
            "node": ">=12"
         }
      },
      "node_modules/@esbuild/linux-ppc64": {
         "version": "0.20.1",
         "resolved": "https://registry.npmjs.org/@esbuild/linux-ppc64/-/linux-ppc64-0.20.1.tgz",
         "integrity": "sha512-b+yuD1IUeL+Y93PmFZDZFIElwbmFfIKLKlYI8M6tRyzE6u7oEP7onGk0vZRh8wfVGC2dZoy0EqX1V8qok4qHaw==",
         "cpu": [
            "ppc64"
         ],
         "dev": true,
         "optional": true,
         "os": [
            "linux"
         ],
         "engines": {
            "node": ">=12"
         }
      },
      "node_modules/@esbuild/linux-riscv64": {
         "version": "0.20.1",
         "resolved": "https://registry.npmjs.org/@esbuild/linux-riscv64/-/linux-riscv64-0.20.1.tgz",
         "integrity": "sha512-wpDlpE0oRKZwX+GfomcALcouqjjV8MIX8DyTrxfyCfXxoKQSDm45CZr9fanJ4F6ckD4yDEPT98SrjvLwIqUCgg==",
         "cpu": [
            "riscv64"
         ],
         "dev": true,
         "optional": true,
         "os": [
            "linux"
         ],
         "engines": {
            "node": ">=12"
         }
      },
      "node_modules/@esbuild/linux-s390x": {
         "version": "0.20.1",
         "resolved": "https://registry.npmjs.org/@esbuild/linux-s390x/-/linux-s390x-0.20.1.tgz",
         "integrity": "sha512-5BepC2Au80EohQ2dBpyTquqGCES7++p7G+7lXe1bAIvMdXm4YYcEfZtQrP4gaoZ96Wv1Ute61CEHFU7h4FMueQ==",
         "cpu": [
            "s390x"
         ],
         "dev": true,
         "optional": true,
         "os": [
            "linux"
         ],
         "engines": {
            "node": ">=12"
         }
      },
      "node_modules/@esbuild/linux-x64": {
         "version": "0.20.1",
         "resolved": "https://registry.npmjs.org/@esbuild/linux-x64/-/linux-x64-0.20.1.tgz",
         "integrity": "sha512-5gRPk7pKuaIB+tmH+yKd2aQTRpqlf1E4f/mC+tawIm/CGJemZcHZpp2ic8oD83nKgUPMEd0fNanrnFljiruuyA==",
         "cpu": [
            "x64"
         ],
         "dev": true,
         "optional": true,
         "os": [
            "linux"
         ],
         "engines": {
            "node": ">=12"
         }
      },
      "node_modules/@esbuild/netbsd-x64": {
         "version": "0.20.1",
         "resolved": "https://registry.npmjs.org/@esbuild/netbsd-x64/-/netbsd-x64-0.20.1.tgz",
         "integrity": "sha512-4fL68JdrLV2nVW2AaWZBv3XEm3Ae3NZn/7qy2KGAt3dexAgSVT+Hc97JKSZnqezgMlv9x6KV0ZkZY7UO5cNLCg==",
         "cpu": [
            "x64"
         ],
         "dev": true,
         "optional": true,
         "os": [
            "netbsd"
         ],
         "engines": {
            "node": ">=12"
         }
      },
      "node_modules/@esbuild/openbsd-x64": {
         "version": "0.20.1",
         "resolved": "https://registry.npmjs.org/@esbuild/openbsd-x64/-/openbsd-x64-0.20.1.tgz",
         "integrity": "sha512-GhRuXlvRE+twf2ES+8REbeCb/zeikNqwD3+6S5y5/x+DYbAQUNl0HNBs4RQJqrechS4v4MruEr8ZtAin/hK5iw==",
         "cpu": [
            "x64"
         ],
         "dev": true,
         "optional": true,
         "os": [
            "openbsd"
         ],
         "engines": {
            "node": ">=12"
         }
      },
      "node_modules/@esbuild/sunos-x64": {
         "version": "0.20.1",
         "resolved": "https://registry.npmjs.org/@esbuild/sunos-x64/-/sunos-x64-0.20.1.tgz",
         "integrity": "sha512-ZnWEyCM0G1Ex6JtsygvC3KUUrlDXqOihw8RicRuQAzw+c4f1D66YlPNNV3rkjVW90zXVsHwZYWbJh3v+oQFM9Q==",
         "cpu": [
            "x64"
         ],
         "dev": true,
         "optional": true,
         "os": [
            "sunos"
         ],
         "engines": {
            "node": ">=12"
         }
      },
      "node_modules/@esbuild/win32-arm64": {
         "version": "0.20.1",
         "resolved": "https://registry.npmjs.org/@esbuild/win32-arm64/-/win32-arm64-0.20.1.tgz",
         "integrity": "sha512-QZ6gXue0vVQY2Oon9WyLFCdSuYbXSoxaZrPuJ4c20j6ICedfsDilNPYfHLlMH7vGfU5DQR0czHLmJvH4Nzis/A==",
         "cpu": [
            "arm64"
         ],
         "dev": true,
         "optional": true,
         "os": [
            "win32"
         ],
         "engines": {
            "node": ">=12"
         }
      },
      "node_modules/@esbuild/win32-ia32": {
         "version": "0.20.1",
         "resolved": "https://registry.npmjs.org/@esbuild/win32-ia32/-/win32-ia32-0.20.1.tgz",
         "integrity": "sha512-HzcJa1NcSWTAU0MJIxOho8JftNp9YALui3o+Ny7hCh0v5f90nprly1U3Sj1Ldj/CvKKdvvFsCRvDkpsEMp4DNw==",
         "cpu": [
            "ia32"
         ],
         "dev": true,
         "optional": true,
         "os": [
            "win32"
         ],
         "engines": {
            "node": ">=12"
         }
      },
      "node_modules/@esbuild/win32-x64": {
         "version": "0.20.1",
         "resolved": "https://registry.npmjs.org/@esbuild/win32-x64/-/win32-x64-0.20.1.tgz",
         "integrity": "sha512-0MBh53o6XtI6ctDnRMeQ+xoCN8kD2qI1rY1KgF/xdWQwoFeKou7puvDfV8/Wv4Ctx2rRpET/gGdz3YlNtNACSA==",
         "cpu": [
            "x64"
         ],
         "dev": true,
         "optional": true,
         "os": [
            "win32"
         ],
         "engines": {
            "node": ">=12"
         }
      },
      "node_modules/datatables.net": {
         "version": "2.0.0",
         "resolved": "https://registry.npmjs.org/datatables.net/-/datatables.net-2.0.0.tgz",
         "integrity": "sha512-HKndZD/qHNZyAhAyC1Bs8S+H652HedZK76xYAjzXR3xDohvxomJ8iWevsoRV4MvHSPgx8GQl3PAdBNpUvn0xJg==",
         "dependencies": {
            "jquery": ">=1.7"
         }
      },
      "node_modules/datatables.net-bs5": {
         "version": "2.0.0",
         "resolved": "https://registry.npmjs.org/datatables.net-bs5/-/datatables.net-bs5-2.0.0.tgz",
         "integrity": "sha512-/Xx3zkMReK/o2a9lXM4hmUB76WesBV9pA+ps+ZvAipX3mBFqILc5rVmkgpDjkZHGzEKwlE46CAsREKqwaTvQnw==",
         "dependencies": {
            "datatables.net": "2.0.0",
            "jquery": ">=1.7"
         }
      },
      "node_modules/datatables.net-buttons": {
         "version": "3.0.0",
         "resolved": "https://registry.npmjs.org/datatables.net-buttons/-/datatables.net-buttons-3.0.0.tgz",
         "integrity": "sha512-ThC7/H116bHpDFRK+TbBb/UPcxm+PzQbmnrzUGEq9O0teaA7ClAYIkzzTatKPsOHtf7qGqry5pMxuOTyocJIxQ==",
         "dependencies": {
            "datatables.net": ">=2.0.0",
            "jquery": ">=1.7"
         }
      },
      "node_modules/datatables.net-buttons-bs5": {
         "version": "3.0.0",
         "resolved": "https://registry.npmjs.org/datatables.net-buttons-bs5/-/datatables.net-buttons-bs5-3.0.0.tgz",
         "integrity": "sha512-NalJNhnkVpuiqVVwFe2mKteDrzfTIJTirZrws4w+YtZq9ICgMhl9VUzh0tYUILvvO22vaqs8dN7lekn5FUa3dA==",
         "dependencies": {
            "datatables.net-bs5": ">=2.0.0",
            "datatables.net-buttons": "3.0.0",
            "jquery": ">=1.7"
         }
      },
      "node_modules/datatables.net-colreorder": {
         "version": "2.0.0",
         "resolved": "https://registry.npmjs.org/datatables.net-colreorder/-/datatables.net-colreorder-2.0.0.tgz",
         "integrity": "sha512-ZsDHKxisGbdBh2IEb+AC6O3LgkBoibCbdXaZKBK6SBUEul085Zt3NUFmieTljXVkDWdewSLg4IvhkE8zKzQjVQ==",
         "dependencies": {
            "datatables.net": ">=2.0.0",
            "jquery": ">=1.7"
         }
      },
      "node_modules/datatables.net-colreorder-bs5": {
         "version": "2.0.0",
         "resolved": "https://registry.npmjs.org/datatables.net-colreorder-bs5/-/datatables.net-colreorder-bs5-2.0.0.tgz",
         "integrity": "sha512-DbEriiQTJgP6J78d/NapGfIC8egmweP5Sj/brqK5jrr1UYJeJT2TZQNheca05h/VtYQMP71lO1Z7qwBSf8m+jA==",
         "dependencies": {
            "datatables.net-bs5": ">=2.0.0",
            "datatables.net-colreorder": "2.0.0",
            "jquery": ">=1.7"
         }
      },
      "node_modules/datatables.net-fixedcolumns": {
         "version": "5.0.0",
         "resolved": "https://registry.npmjs.org/datatables.net-fixedcolumns/-/datatables.net-fixedcolumns-5.0.0.tgz",
         "integrity": "sha512-7dTJrVDkZCicx9g//N3ufuEjvwrZpcmpjbkwrtC5LiQFCnuL/hMOiOb4CBcvTg5OiTU7VmtbBuQkeAJGs3QM5g==",
         "dependencies": {
            "datatables.net": ">=2.0.0",
            "jquery": ">=1.7"
         }
      },
      "node_modules/datatables.net-fixedcolumns-bs5": {
         "version": "5.0.0",
         "resolved": "https://registry.npmjs.org/datatables.net-fixedcolumns-bs5/-/datatables.net-fixedcolumns-bs5-5.0.0.tgz",
         "integrity": "sha512-hwLhclvSHpzxigFD2L/rHOgCxdnUDrZY7he5Etc51JmE/cKnS1X+7ap1++ucVMxwRg/ijwUBA9FpoX88HRIB7A==",
         "dependencies": {
            "datatables.net-bs5": ">=2.0.0",
            "datatables.net-fixedcolumns": "5.0.0",
            "jquery": ">=1.7"
         }
      },
      "node_modules/datatables.net-fixedheader": {
         "version": "4.0.0",
         "resolved": "https://registry.npmjs.org/datatables.net-fixedheader/-/datatables.net-fixedheader-4.0.0.tgz",
         "integrity": "sha512-Fw9hfN3nicI9RR23yaW+dynwaFYHBTmDwL0CwuVYMZoDcAqzWICBQKLrzx0m3TobdVfp6g0sL5vt3ORZDLwygA==",
         "dependencies": {
            "datatables.net": ">=2.0.0",
            "jquery": ">=1.7"
         }
      },
      "node_modules/datatables.net-fixedheader-bs5": {
         "version": "4.0.0",
         "resolved": "https://registry.npmjs.org/datatables.net-fixedheader-bs5/-/datatables.net-fixedheader-bs5-4.0.0.tgz",
         "integrity": "sha512-7FZyjsAhSu02kosqnXVMEunsno2iLahcYGRnxc3gpfS5STsXeWwrOYU//r44ytXR7UMh7FHwHNCuKxBn2iEyiA==",
         "dependencies": {
            "datatables.net-bs5": ">=2.0.0",
            "datatables.net-fixedheader": "4.0.0",
            "jquery": ">=1.7"
         }
      },
      "node_modules/datatables.net-responsive": {
         "version": "3.0.0",
         "resolved": "https://registry.npmjs.org/datatables.net-responsive/-/datatables.net-responsive-3.0.0.tgz",
         "integrity": "sha512-6O+hZREfZ6bj86bEFOVYH76OgqETX7t0EsfKWwKuo8gpYe50SE9QPcy7DKsuO1swqluwS+442QIVsLfIXoBnNg==",
         "dependencies": {
            "datatables.net": ">=2.0.0",
            "jquery": ">=1.7"
         }
      },
      "node_modules/datatables.net-responsive-bs5": {
         "version": "3.0.0",
         "resolved": "https://registry.npmjs.org/datatables.net-responsive-bs5/-/datatables.net-responsive-bs5-3.0.0.tgz",
         "integrity": "sha512-heAN/DN9jNWBNBQFdc4fqccyy3KGoj29YtZWH+N78/aKICGMGQmi0PjgRz+lS6lqdBynGvD8ej5514E7b5nTRw==",
         "dependencies": {
            "datatables.net-bs5": ">=2.0.0",
            "datatables.net-responsive": "3.0.0",
            "jquery": ">=1.7"
         }
      },
      "node_modules/datatables.net-rowgroup": {
         "version": "1.5.0",
         "resolved": "https://registry.npmjs.org/datatables.net-rowgroup/-/datatables.net-rowgroup-1.5.0.tgz",
         "integrity": "sha512-V/CLJu7rMjxwfhZAv59emZOPw58cwnYmd8NXTTJSnqBDgOZsaC9mtVo0ejBpdqvNw5WmMPy3AJceH+ay6JQ3hA==",
         "dependencies": {
            "datatables.net": ">=1.11.0",
            "jquery": ">=1.7"
         }
      },
      "node_modules/datatables.net-rowgroup-bs5": {
         "version": "1.5.0",
         "resolved": "https://registry.npmjs.org/datatables.net-rowgroup-bs5/-/datatables.net-rowgroup-bs5-1.5.0.tgz",
         "integrity": "sha512-Fzk9aXlS1CAe+UfKa62QI6AqlX9fazMC0rOnBIH/38c6QqggikjGTzUOSn8bgs6MQrgbSS2bYlp9kHH4L0hSvA==",
         "dependencies": {
            "datatables.net-bs5": ">=1.11.0",
            "datatables.net-rowgroup": "1.5.0",
            "jquery": ">=1.7"
         }
      },
      "node_modules/datatables.net-rowreorder": {
         "version": "1.5.0",
         "resolved": "https://registry.npmjs.org/datatables.net-rowreorder/-/datatables.net-rowreorder-1.5.0.tgz",
         "integrity": "sha512-Kkq57tdJHrUCYkS8vywhL5tqKtl2q3K3p8A6wkIdwMX2b8YVjtywhQbXvvVLZnlMQsdX194FXVK1AgAwcm4hFg==",
         "dependencies": {
            "datatables.net": ">=1.11.0",
            "jquery": ">=1.7"
         }
      },
      "node_modules/datatables.net-rowreorder-bs5": {
         "version": "1.5.0",
         "resolved": "https://registry.npmjs.org/datatables.net-rowreorder-bs5/-/datatables.net-rowreorder-bs5-1.5.0.tgz",
         "integrity": "sha512-Z57SfxBmlhQ03CEsjl4Txa22/hdBuB2b9cwnEAo8u4/L4YAfTGq+9PixsWN5M/sV9uHVOCjzLQYJmBjSYwc6oQ==",
         "dependencies": {
            "datatables.net-bs5": ">=1.11.0",
            "datatables.net-rowreorder": "1.5.0",
            "jquery": ">=1.7"
         }
      },
      "node_modules/datatables.net-scroller": {
         "version": "2.4.0",
         "resolved": "https://registry.npmjs.org/datatables.net-scroller/-/datatables.net-scroller-2.4.0.tgz",
         "integrity": "sha512-SrIYyBD74Pjj/yajTu7i0YtGFiUMHWKlnO59kwIZoZhCyCh6d7S+e9HF/oT1tXjNvFWfvwA2wbA+PF20fDRA2g==",
         "dependencies": {
            "datatables.net": ">=1.11.0",
            "jquery": ">=1.7"
         }
      },
      "node_modules/datatables.net-scroller-bs5": {
         "version": "2.4.0",
         "resolved": "https://registry.npmjs.org/datatables.net-scroller-bs5/-/datatables.net-scroller-bs5-2.4.0.tgz",
         "integrity": "sha512-ZtHHVE8XQ6PkocaJYw6mOvQpH9cWa8VzJoqiVomDRqCKRk/R5saF86iCrjNQnLMrEJtpYjoszVQWUTp+22sC6A==",
         "dependencies": {
            "datatables.net-bs5": ">=1.11.0",
            "datatables.net-scroller": "2.4.0",
            "jquery": ">=1.7"
         }
      },
      "node_modules/datatables.net-select": {
         "version": "2.0.0",
         "resolved": "https://registry.npmjs.org/datatables.net-select/-/datatables.net-select-2.0.0.tgz",
         "integrity": "sha512-sKMNoTlJejk5FfZo6Niwdn2/bHSDYiIt5WuMSsXzMGiCTIPtnDiYjNHF843vToKiTTsi+6T0zUuWddHLGPRsxA==",
         "dependencies": {
            "datatables.net": ">=2.0.0",
            "jquery": ">=1.7"
         }
      },
      "node_modules/datatables.net-select-bs5": {
         "version": "2.0.0",
         "resolved": "https://registry.npmjs.org/datatables.net-select-bs5/-/datatables.net-select-bs5-2.0.0.tgz",
         "integrity": "sha512-/kofh8KjUEzoHQ+Zji8movbzA3Ooe9Gz/UcjSJzc5CMHEq93gvcDT9x5jtRGBXO8zjQO0XWrXxFxkXoRO1SlAw==",
         "dependencies": {
            "datatables.net-bs5": ">=2.0.0",
            "datatables.net-select": "2.0.0",
            "jquery": ">=1.7"
         }
      },
      "node_modules/esbuild": {
         "version": "0.20.1",
         "resolved": "https://registry.npmjs.org/esbuild/-/esbuild-0.20.1.tgz",
         "integrity": "sha512-OJwEgrpWm/PCMsLVWXKqvcjme3bHNpOgN7Tb6cQnR5n0TPbQx1/Xrn7rqM+wn17bYeT6MGB5sn1Bh5YiGi70nA==",
         "dev": true,
         "hasInstallScript": true,
         "bin": {
            "esbuild": "bin/esbuild"
         },
         "engines": {
            "node": ">=12"
         },
         "optionalDependencies": {
            "@esbuild/aix-ppc64": "0.20.1",
            "@esbuild/android-arm": "0.20.1",
            "@esbuild/android-arm64": "0.20.1",
            "@esbuild/android-x64": "0.20.1",
            "@esbuild/darwin-arm64": "0.20.1",
            "@esbuild/darwin-x64": "0.20.1",
            "@esbuild/freebsd-arm64": "0.20.1",
            "@esbuild/freebsd-x64": "0.20.1",
            "@esbuild/linux-arm": "0.20.1",
            "@esbuild/linux-arm64": "0.20.1",
            "@esbuild/linux-ia32": "0.20.1",
            "@esbuild/linux-loong64": "0.20.1",
            "@esbuild/linux-mips64el": "0.20.1",
            "@esbuild/linux-ppc64": "0.20.1",
            "@esbuild/linux-riscv64": "0.20.1",
            "@esbuild/linux-s390x": "0.20.1",
            "@esbuild/linux-x64": "0.20.1",
            "@esbuild/netbsd-x64": "0.20.1",
            "@esbuild/openbsd-x64": "0.20.1",
            "@esbuild/sunos-x64": "0.20.1",
            "@esbuild/win32-arm64": "0.20.1",
            "@esbuild/win32-ia32": "0.20.1",
            "@esbuild/win32-x64": "0.20.1"
         }
      },
      "node_modules/jquery": {
         "version": "3.7.1",
         "resolved": "https://registry.npmjs.org/jquery/-/jquery-3.7.1.tgz",
         "integrity": "sha512-m4avr8yL8kmFN8psrbFFFmB/If14iN5o9nw/NgnnM+kybDJpRsAynV2BsfpTYrTRysYUdADVD7CkUUizgkpLfg=="
      },
      "node_modules/js-tokens": {
         "version": "4.0.0",
         "resolved": "https://registry.npmjs.org/js-tokens/-/js-tokens-4.0.0.tgz",
         "integrity": "sha512-RdJUflcE3cUzKiMqQgsCu06FPu9UdIJO0beYbPhHN4k6apgJtifcoCtT9bcxOpYBtpD2kCM6Sbzg4CausW/PKQ=="
      },
      "node_modules/loose-envify": {
         "version": "1.4.0",
         "resolved": "https://registry.npmjs.org/loose-envify/-/loose-envify-1.4.0.tgz",
         "integrity": "sha512-lyuxPGr/Wfhrlem2CL/UcnUc1zcqKAImBDzukY7Y5F/yQiNdko6+fRLevlw1HgMySw7f611UIY408EtxRSoK3Q==",
         "dependencies": {
            "js-tokens": "^3.0.0 || ^4.0.0"
         },
         "bin": {
            "loose-envify": "cli.js"
         }
      },
      "node_modules/react": {
         "version": "18.2.0",
         "resolved": "https://registry.npmjs.org/react/-/react-18.2.0.tgz",
         "integrity": "sha512-/3IjMdb2L9QbBdWiW5e3P2/npwMBaU9mHCSCUzNln0ZCYbcfTsGbTJrU/kGemdH2IWmB2ioZ+zkxtmq6g09fGQ==",
         "dependencies": {
            "loose-envify": "^1.1.0"
         },
         "engines": {
            "node": ">=0.10.0"
         }
      },
      "node_modules/react-dom": {
         "version": "18.2.0",
         "resolved": "https://registry.npmjs.org/react-dom/-/react-dom-18.2.0.tgz",
         "integrity": "sha512-6IMTriUmvsjHUjNtEDudZfuDQUoWXVxKHhlEGSk81n4YFS+r/Kl99wXiwlVXtPBtJenozv2P+hxDsw9eA7Xo6g==",
         "dependencies": {
            "loose-envify": "^1.1.0",
            "scheduler": "^0.23.0"
         },
         "peerDependencies": {
            "react": "^18.2.0"
         }
      },
      "node_modules/scheduler": {
         "version": "0.23.0",
         "resolved": "https://registry.npmjs.org/scheduler/-/scheduler-0.23.0.tgz",
         "integrity": "sha512-CtuThmgHNg7zIZWAXi3AsyIzA3n4xx7aNyjwC2VJldO2LMVDhFK+63xGqq6CsJH4rTAt6/M+N4GhZiDYPx9eUw==",
         "dependencies": {
            "loose-envify": "^1.1.0"
         }
      }
   }
}
